
Microsoft Visual Studio Solution File, Format Version 12.00
# Visual Studio Version 16
VisualStudioVersion = 16.0.31112.23
MinimumVisualStudioVersion = 10.0.40219.1
Project("{9A19103F-16F7-4668-BE54-9A1E7A4F7556}") = "VectorSoftwareTask1", "VectorSoftware\VectorSoftwareTask1.csproj", "{27D6FA36-09AC-4B5E-B1A0-7826AB3F0FE8}"
EndProject
Project("{FAE04EC0-301F-11D3-BF4B-00C04F79EFBC}") = "VectorSoftwareTask2", "VectorSoftwareTask2\VectorSoftwareTask2.csproj", "{9A5734C6-7D63-4AFB-BB01-A6588DB6B63E}"
EndProject
Global
	GlobalSection(SolutionConfigurationPlatforms) = preSolution
		Debug|Any CPU = Debug|Any CPU
		Release|Any CPU = Release|Any CPU
	EndGlobalSection
	GlobalSection(ProjectConfigurationPlatforms) = postSolution
		{27D6FA36-09AC-4B5E-B1A0-7826AB3F0FE8}.Debug|Any CPU.ActiveCfg = Debug|Any CPU
		{27D6FA36-09AC-4B5E-B1A0-7826AB3F0FE8}.Debug|Any CPU.Build.0 = Debug|Any CPU
		{27D6FA36-09AC-4B5E-B1A0-7826AB3F0FE8}.Release|Any CPU.ActiveCfg = Release|Any CPU
		{27D6FA36-09AC-4B5E-B1A0-7826AB3F0FE8}.Release|Any CPU.Build.0 = Release|Any CPU
		{9A5734C6-7D63-4AFB-BB01-A6588DB6B63E}.Debug|Any CPU.ActiveCfg = Debug|Any CPU
		{9A5734C6-7D63-4AFB-BB01-A6588DB6B63E}.Debug|Any CPU.Build.0 = Debug|Any CPU
		{9A5734C6-7D63-4AFB-BB01-A6588DB6B63E}.Release|Any CPU.ActiveCfg = Release|Any CPU
		{9A5734C6-7D63-4AFB-BB01-A6588DB6B63E}.Release|Any CPU.Build.0 = Release|Any CPU
	EndGlobalSection
	GlobalSection(SolutionProperties) = preSolution
		HideSolutionNode = FALSE
	EndGlobalSection
	GlobalSection(ExtensibilityGlobals) = postSolution
		SolutionGuid = {4DA6B1AE-D31E-4588-8CF3-2AAE65C68754}
	EndGlobalSection
EndGlobal
